# generated by rye
# use `rye lock` or `rye sync` to update this lockfile
#
# last locked with the following flags:
#   pre: false
#   features: []
#   all-features: false
#   with-sources: false
#   generate-hashes: false
#   universal: false

-e file:.
cmake==3.30.2
    # via stein-thinning-python
numpy==2.1.0
    # via stein-thinning-python
pybind11==2.13.5
    # via stein-thinning-python
